
Microsoft Visual Studio Solution File, Format Version 12.00
# Visual Studio 15
VisualStudioVersion = 15.0.27428.2015
MinimumVisualStudioVersion = 10.0.40219.1
Project("{FAE04EC0-301F-11D3-BF4B-00C04F79EFBC}") = "leetcode", "leetcode\leetcode.csproj", "{6CDAD5B9-31DF-401C-8187-60DDA6CF7DC0}"
EndProject
Global
	GlobalSection(SolutionConfigurationPlatforms) = preSolution
		Debug|Any CPU = Debug|Any CPU
		Release|Any CPU = Release|Any CPU
	EndGlobalSection
	GlobalSection(ProjectConfigurationPlatforms) = postSolution
		{6CDAD5B9-31DF-401C-8187-60DDA6CF7DC0}.Debug|Any CPU.ActiveCfg = Debug|Any CPU
		{6CDAD5B9-31DF-401C-8187-60DDA6CF7DC0}.Debug|Any CPU.Build.0 = Debug|Any CPU
		{6CDAD5B9-31DF-401C-8187-60DDA6CF7DC0}.Release|Any CPU.ActiveCfg = Release|Any CPU
		{6CDAD5B9-31DF-401C-8187-60DDA6CF7DC0}.Release|Any CPU.Build.0 = Release|Any CPU
	EndGlobalSection
	GlobalSection(SolutionProperties) = preSolution
		HideSolutionNode = FALSE
	EndGlobalSection
	GlobalSection(ExtensibilityGlobals) = postSolution
		SolutionGuid = {52B1492D-0A5B-44C1-AE7B-73877CB0F788}
	EndGlobalSection
EndGlobal
